
Microsoft Visual Studio Solution File, Format Version 11.00
# Visual Studio 2010
Project("{F14B399A-7131-4C87-9E4B-1186C45EF12D}") = "VIP", "DaysRep\VIP.rptproj", "{7E26F2CF-85CE-43B5-A7B1-EF0B39B8760C}"
EndProject
Global
	GlobalSection(SolutionConfigurationPlatforms) = preSolution
		Debug|Default = Debug|Default
		DebugLocal|Default = DebugLocal|Default
		Production|Default = Production|Default
	EndGlobalSection
	GlobalSection(ProjectConfigurationPlatforms) = postSolution
		{7E26F2CF-85CE-43B5-A7B1-EF0B39B8760C}.Debug|Default.ActiveCfg = Debug
		{7E26F2CF-85CE-43B5-A7B1-EF0B39B8760C}.Debug|Default.Build.0 = DebugLocal
		{7E26F2CF-85CE-43B5-A7B1-EF0B39B8760C}.Debug|Default.Deploy.0 = DebugLocal
		{7E26F2CF-85CE-43B5-A7B1-EF0B39B8760C}.DebugLocal|Default.ActiveCfg = DebugLocal
		{7E26F2CF-85CE-43B5-A7B1-EF0B39B8760C}.DebugLocal|Default.Build.0 = DebugLocal
		{7E26F2CF-85CE-43B5-A7B1-EF0B39B8760C}.Production|Default.ActiveCfg = Production
		{7E26F2CF-85CE-43B5-A7B1-EF0B39B8760C}.Production|Default.Build.0 = Production
		{7E26F2CF-85CE-43B5-A7B1-EF0B39B8760C}.Production|Default.Deploy.0 = Production
	EndGlobalSection
	GlobalSection(SolutionProperties) = preSolution
		HideSolutionNode = FALSE
	EndGlobalSection
EndGlobal
